
Microsoft Visual Studio Solution File, Format Version 11.00
# Visual Studio 2010
Project("{FAE04EC0-301F-11D3-BF4B-00C04F79EFBC}") = "Assembly-CSharp", "Assembly-CSharp.csproj", "{ace4f5b7-ba91-5f3b-9b0d-800a4483039f}"
EndProject
Project("{FAE04EC0-301F-11D3-BF4B-00C04F79EFBC}") = "Assembly-CSharp-Editor", "Assembly-CSharp-Editor.csproj", "{42d44086-a34e-9c85-b7d5-c94452ee4038}"
EndProject
Global
	GlobalSection(SolutionConfigurationPlatforms) = preSolution
		Debug|Any CPU = Debug|Any CPU
	EndGlobalSection
	GlobalSection(ProjectConfigurationPlatforms) = postSolution
		{ace4f5b7-ba91-5f3b-9b0d-800a4483039f}.Debug|Any CPU.ActiveCfg = Debug|Any CPU
		{ace4f5b7-ba91-5f3b-9b0d-800a4483039f}.Debug|Any CPU.Build.0 = Debug|Any CPU
		{42d44086-a34e-9c85-b7d5-c94452ee4038}.Debug|Any CPU.ActiveCfg = Debug|Any CPU
		{42d44086-a34e-9c85-b7d5-c94452ee4038}.Debug|Any CPU.Build.0 = Debug|Any CPU
	EndGlobalSection
	GlobalSection(SolutionProperties) = preSolution
		HideSolutionNode = FALSE
	EndGlobalSection
EndGlobal
